
Microsoft Visual Studio Solution File, Format Version 12.00
# Visual Studio Version 17
VisualStudioVersion = 17.5.33530.505
MinimumVisualStudioVersion = 10.0.40219.1
Project("{FAE04EC0-301F-11D3-BF4B-00C04F79EFBC}") = "ApiProject", "ApiProject.csproj", "{435BD7F0-F084-4F38-A38D-16FA1EF8B3E6}"
EndProject
Global
	GlobalSection(SolutionConfigurationPlatforms) = preSolution
		Debug|Any CPU = Debug|Any CPU
		Release|Any CPU = Release|Any CPU
	EndGlobalSection
	GlobalSection(ProjectConfigurationPlatforms) = postSolution
		{435BD7F0-F084-4F38-A38D-16FA1EF8B3E6}.Debug|Any CPU.ActiveCfg = Debug|Any CPU
		{435BD7F0-F084-4F38-A38D-16FA1EF8B3E6}.Debug|Any CPU.Build.0 = Debug|Any CPU
		{435BD7F0-F084-4F38-A38D-16FA1EF8B3E6}.Release|Any CPU.ActiveCfg = Release|Any CPU
		{435BD7F0-F084-4F38-A38D-16FA1EF8B3E6}.Release|Any CPU.Build.0 = Release|Any CPU
	EndGlobalSection
	GlobalSection(SolutionProperties) = preSolution
		HideSolutionNode = FALSE
	EndGlobalSection
	GlobalSection(ExtensibilityGlobals) = postSolution
		SolutionGuid = {ADF6373D-DE37-456D-A0D8-8106A60A6611}
	EndGlobalSection
EndGlobal
