
Microsoft Visual Studio Solution File, Format Version 12.00
# Visual Studio Version 17
VisualStudioVersion = 17.5.33530.505
MinimumVisualStudioVersion = 10.0.40219.1
Project("{FAE04EC0-301F-11D3-BF4B-00C04F79EFBC}") = "EmployeeCRUD", "EmployeeCRUD.csproj", "{B89E064D-56B2-4C3E-A9FC-817F81E2FD3C}"
EndProject
Global
	GlobalSection(SolutionConfigurationPlatforms) = preSolution
		Debug|Any CPU = Debug|Any CPU
		Release|Any CPU = Release|Any CPU
	EndGlobalSection
	GlobalSection(ProjectConfigurationPlatforms) = postSolution
		{B89E064D-56B2-4C3E-A9FC-817F81E2FD3C}.Debug|Any CPU.ActiveCfg = Debug|Any CPU
		{B89E064D-56B2-4C3E-A9FC-817F81E2FD3C}.Debug|Any CPU.Build.0 = Debug|Any CPU
		{B89E064D-56B2-4C3E-A9FC-817F81E2FD3C}.Release|Any CPU.ActiveCfg = Release|Any CPU
		{B89E064D-56B2-4C3E-A9FC-817F81E2FD3C}.Release|Any CPU.Build.0 = Release|Any CPU
	EndGlobalSection
	GlobalSection(SolutionProperties) = preSolution
		HideSolutionNode = FALSE
	EndGlobalSection
	GlobalSection(ExtensibilityGlobals) = postSolution
		SolutionGuid = {D2D81531-B339-4480-9865-7654F8FD48B0}
	EndGlobalSection
EndGlobal
