
Microsoft Visual Studio Solution File, Format Version 12.00
# Visual Studio Version 17
VisualStudioVersion = 17.5.33530.505
MinimumVisualStudioVersion = 10.0.40219.1
Project("{FAE04EC0-301F-11D3-BF4B-00C04F79EFBC}") = "RolebasedAPI", "RolebasedAPI.csproj", "{4D60AF59-861C-48A5-B71E-99B4EA19D479}"
EndProject
Global
	GlobalSection(SolutionConfigurationPlatforms) = preSolution
		Debug|Any CPU = Debug|Any CPU
		Release|Any CPU = Release|Any CPU
	EndGlobalSection
	GlobalSection(ProjectConfigurationPlatforms) = postSolution
		{4D60AF59-861C-48A5-B71E-99B4EA19D479}.Debug|Any CPU.ActiveCfg = Debug|Any CPU
		{4D60AF59-861C-48A5-B71E-99B4EA19D479}.Debug|Any CPU.Build.0 = Debug|Any CPU
		{4D60AF59-861C-48A5-B71E-99B4EA19D479}.Release|Any CPU.ActiveCfg = Release|Any CPU
		{4D60AF59-861C-48A5-B71E-99B4EA19D479}.Release|Any CPU.Build.0 = Release|Any CPU
	EndGlobalSection
	GlobalSection(SolutionProperties) = preSolution
		HideSolutionNode = FALSE
	EndGlobalSection
	GlobalSection(ExtensibilityGlobals) = postSolution
		SolutionGuid = {259B9863-F0EA-426E-8CBE-37159F539E42}
	EndGlobalSection
EndGlobal
